# THIS IS AN AUTOGENERATED FILE. DO NOT EDIT THIS FILE DIRECTLY.
# yarn lockfile v1


"@neos-project/brand@^1.1.0":
  version "1.1.0"
  resolved "https://registry.yarnpkg.com/@neos-project/brand/-/brand-1.1.0.tgz#13159ee7b330b1d7f969f70a5dea7fec03b7fb8a"
  dependencies:
    lodash.upperfirst "^4.3.0"

array-map@0.0.0:
  version "0.0.0"
  resolved "https://registry.yarnpkg.com/array-map/-/array-map-0.0.0.tgz#88a2bab73d1cf7bcd5c1b118a003f66f665fa662"

array-reduce@0.0.0:
  version "0.0.0"
  resolved "https://registry.yarnpkg.com/array-reduce/-/array-reduce-0.0.0.tgz#173899d3ffd1c7d9383e4479525dbe278cab5f2b"

core-js@^2.4.1:
  version "2.5.1"
  resolved "https://registry.yarnpkg.com/core-js/-/core-js-2.5.1.tgz#ae6874dc66937789b80754ff5428df66819ca50b"

emojify.js@^1.1.0:
  version "1.1.0"
  resolved "https://registry.yarnpkg.com/emojify.js/-/emojify.js-1.1.0.tgz#079fff223307c9007f570785e8e4935d5c398beb"

foreach@2.0.4:
  version "2.0.4"
  resolved "https://registry.yarnpkg.com/foreach/-/foreach-2.0.4.tgz#cc5d0d8ae1d46cc9a555c2682f910977859935df"

fsm-iterator@^1.1.0:
  version "1.1.0"
  resolved "https://registry.yarnpkg.com/fsm-iterator/-/fsm-iterator-1.1.0.tgz#337de45de19eb205788cf02e3a955ec206760dec"

gitbook-plugin-advanced-emoji@^0.2.2:
  version "0.2.2"
  resolved "https://registry.yarnpkg.com/gitbook-plugin-advanced-emoji/-/gitbook-plugin-advanced-emoji-0.2.2.tgz#08bcc69f62a749cd69204435276518c941c319e3"
  dependencies:
    emojify.js "^1.1.0"

gitbook-plugin-github@^2.0.0:
  version "2.0.0"
  resolved "https://registry.yarnpkg.com/gitbook-plugin-github/-/gitbook-plugin-github-2.0.0.tgz#5166e763cfcc402d432880b7a6c85c1c54b56a8d"

indexof@0.0.1:
  version "0.0.1"
  resolved "https://registry.yarnpkg.com/indexof/-/indexof-0.0.1.tgz#82dc336d232b9062179d05ab3293a66059fd435d"

isarray@0.0.1:
  version "0.0.1"
  resolved "https://registry.yarnpkg.com/isarray/-/isarray-0.0.1.tgz#8a18acfca9a8f4177e09abfc6038939b05d1eedf"

json3@3.3.0:
  version "3.3.0"
  resolved "https://registry.yarnpkg.com/json3/-/json3-3.3.0.tgz#0e9e7f6c5d270b758929af4d6fefdc84bd66e259"

lodash.isequal@^4.5.0:
  version "4.5.0"
  resolved "https://registry.yarnpkg.com/lodash.isequal/-/lodash.isequal-4.5.0.tgz#415c4478f2bcc30120c22ce10ed3226f7d3e18e0"

lodash.ismatch@^4.4.0:
  version "4.4.0"
  resolved "https://registry.yarnpkg.com/lodash.ismatch/-/lodash.ismatch-4.4.0.tgz#756cb5150ca3ba6f11085a78849645f188f85f37"

lodash.upperfirst@^4.3.0:
  version "4.3.1"
  resolved "https://registry.yarnpkg.com/lodash.upperfirst/-/lodash.upperfirst-4.3.1.tgz#1365edf431480481ef0d1c68957a5ed99d49f7ce"

object-assign@^4.1.0:
  version "4.1.1"
  resolved "https://registry.yarnpkg.com/object-assign/-/object-assign-4.1.1.tgz#2109adc7965887cfc05cbbd442cac8bfbb360863"

object-keys@0.5.0:
  version "0.5.0"
  resolved "https://registry.yarnpkg.com/object-keys/-/object-keys-0.5.0.tgz#09e211f3e00318afc4f592e36e7cdc10d9ad7293"

redux-saga-test-plan@^3.1.0:
  version "3.3.0"
  resolved "https://registry.yarnpkg.com/redux-saga-test-plan/-/redux-saga-test-plan-3.3.0.tgz#f0c5563938459a841f219f5cac077087e5daa3c5"
  dependencies:
    core-js "^2.4.1"
    fsm-iterator "^1.1.0"
    gitbook-plugin-advanced-emoji "^0.2.2"
    gitbook-plugin-github "^2.0.0"
    lodash.isequal "^4.5.0"
    lodash.ismatch "^4.4.0"
    object-assign "^4.1.0"
    util-inspect "^0.1.8"

util-inspect@^0.1.8:
  version "0.1.8"
  resolved "https://registry.yarnpkg.com/util-inspect/-/util-inspect-0.1.8.tgz#2b39dbcd2d921f2d8430923caff40f4b5cea5db1"
  dependencies:
    array-map "0.0.0"
    array-reduce "0.0.0"
    foreach "2.0.4"
    indexof "0.0.1"
    isarray "0.0.1"
    json3 "3.3.0"
    object-keys "0.5.0"
