# THIS IS AN AUTOGENERATED FILE. DO NOT EDIT THIS FILE DIRECTLY.
# yarn lockfile v1


"@neos-project/brand@^1.1.0":
  version "1.1.0"
  resolved "https://registry.yarnpkg.com/@neos-project/brand/-/brand-1.1.0.tgz#13159ee7b330b1d7f969f70a5dea7fec03b7fb8a"
  dependencies:
    lodash.upperfirst "^4.3.0"

acorn@^4.0.3:
  version "4.0.13"
  resolved "https://registry.yarnpkg.com/acorn/-/acorn-4.0.13.tgz#105495ae5361d697bd195c825192e1ad7f253787"

align-text@^0.1.1, align-text@^0.1.3:
  version "0.1.4"
  resolved "https://registry.yarnpkg.com/align-text/-/align-text-0.1.4.tgz#0cd90a561093f35d0a99256c22b7069433fad117"
  dependencies:
    kind-of "^3.0.2"
    longest "^1.0.1"
    repeat-string "^1.5.2"

alter@~0.2.0:
  version "0.2.0"
  resolved "https://registry.yarnpkg.com/alter/-/alter-0.2.0.tgz#c7588808617572034aae62480af26b1d4d1cb3cd"
  dependencies:
    stable "~0.1.3"

amator@^1.0.1:
  version "1.0.1"
  resolved "https://registry.yarnpkg.com/amator/-/amator-1.0.1.tgz#0fd3663fef5f3334d088cf68a70ba74398aa0e26"
  dependencies:
    bezier-easing "^2.0.3"

asap@~2.0.3:
  version "2.0.5"
  resolved "https://registry.yarnpkg.com/asap/-/asap-2.0.5.tgz#522765b50c3510490e52d7dcfe085ef9ba96958f"

ast-traverse@~0.1.1:
  version "0.1.1"
  resolved "https://registry.yarnpkg.com/ast-traverse/-/ast-traverse-0.1.1.tgz#69cf2b8386f19dcda1bb1e05d68fe359d8897de6"

ast-types@0.8.12:
  version "0.8.12"
  resolved "https://registry.yarnpkg.com/ast-types/-/ast-types-0.8.12.tgz#a0d90e4351bb887716c83fd637ebf818af4adfcc"

ast-types@0.9.6:
  version "0.9.6"
  resolved "https://registry.yarnpkg.com/ast-types/-/ast-types-0.9.6.tgz#102c9e9e9005d3e7e3829bf0c4fa24ee862ee9b9"

attr-accept@^1.0.3:
  version "1.1.0"
  resolved "https://registry.yarnpkg.com/attr-accept/-/attr-accept-1.1.0.tgz#b5cd35227f163935a8f1de10ed3eba16941f6be6"

balanced-match@^1.0.0:
  version "1.0.0"
  resolved "https://registry.yarnpkg.com/balanced-match/-/balanced-match-1.0.0.tgz#89b4d199ab2bee49de164ea02b89ce462d71b767"

bezier-easing@^2.0.3:
  version "2.0.3"
  resolved "https://registry.yarnpkg.com/bezier-easing/-/bezier-easing-2.0.3.tgz#cb493fddb7f8920ecca00973344ce0518885f17e"

brace-expansion@^1.1.7:
  version "1.1.8"
  resolved "https://registry.yarnpkg.com/brace-expansion/-/brace-expansion-1.1.8.tgz#c07b211c7c952ec1f8efd51a77ef0d1d3990a292"
  dependencies:
    balanced-match "^1.0.0"
    concat-map "0.0.1"

breakable@~1.0.0:
  version "1.0.0"
  resolved "https://registry.yarnpkg.com/breakable/-/breakable-1.0.0.tgz#784a797915a38ead27bad456b5572cb4bbaa78c1"

camelcase@^1.2.1:
  version "1.2.1"
  resolved "https://registry.yarnpkg.com/camelcase/-/camelcase-1.2.1.tgz#9bb5304d2e0b56698b2c758b08a3eaa9daa58a39"

can-use-dom@^0.1.0:
  version "0.1.0"
  resolved "https://registry.yarnpkg.com/can-use-dom/-/can-use-dom-0.1.0.tgz#22cc4a34a0abc43950f42c6411024a3f6366b45a"

center-align@^0.1.1:
  version "0.1.3"
  resolved "https://registry.yarnpkg.com/center-align/-/center-align-0.1.3.tgz#aa0d32629b6ee972200411cbd4461c907bc2b7ad"
  dependencies:
    align-text "^0.1.3"
    lazy-cache "^1.0.3"

classnames@^2.2.3, classnames@^2.2.5:
  version "2.2.5"
  resolved "https://registry.yarnpkg.com/classnames/-/classnames-2.2.5.tgz#fb3801d453467649ef3603c7d61a02bd129bde6d"

cliui@^2.1.0:
  version "2.1.0"
  resolved "https://registry.yarnpkg.com/cliui/-/cliui-2.1.0.tgz#4b475760ff80264c762c3a1719032e91c7fea0d1"
  dependencies:
    center-align "^0.1.1"
    right-align "^0.1.1"
    wordwrap "0.0.2"

codemirror@^5.18.2, codemirror@^5.24.0:
  version "5.27.4"
  resolved "https://registry.yarnpkg.com/codemirror/-/codemirror-5.27.4.tgz#0e817c839bfea9959dd16cd48ae14acc0e43c3b6"

commander@^2.5.0:
  version "2.11.0"
  resolved "https://registry.yarnpkg.com/commander/-/commander-2.11.0.tgz#157152fd1e7a6c8d98a5b715cf376df928004563"

commoner@~0.10.3:
  version "0.10.8"
  resolved "https://registry.yarnpkg.com/commoner/-/commoner-0.10.8.tgz#34fc3672cd24393e8bb47e70caa0293811f4f2c5"
  dependencies:
    commander "^2.5.0"
    detective "^4.3.1"
    glob "^5.0.15"
    graceful-fs "^4.1.2"
    iconv-lite "^0.4.5"
    mkdirp "^0.5.0"
    private "^0.1.6"
    q "^1.1.2"
    recast "^0.11.17"

concat-map@0.0.1:
  version "0.0.1"
  resolved "https://registry.yarnpkg.com/concat-map/-/concat-map-0.0.1.tgz#d8a96bd77fd68df7793a73036a3ba0d5405d477b"

core-js@^1.0.0:
  version "1.2.7"
  resolved "https://registry.yarnpkg.com/core-js/-/core-js-1.2.7.tgz#652294c14651db28fa93bd2d5ff2983a4f08c636"

core-js@^2.4.1:
  version "2.4.1"
  resolved "https://registry.yarnpkg.com/core-js/-/core-js-2.4.1.tgz#4de911e667b0eae9124e34254b53aea6fc618d3e"

create-react-class@^15.5.1, create-react-class@^15.5.2, create-react-class@^15.5.3, create-react-class@^15.5.x, create-react-class@^15.6.0:
  version "15.6.0"
  resolved "https://registry.yarnpkg.com/create-react-class/-/create-react-class-15.6.0.tgz#ab448497c26566e1e29413e883207d57cfe7bed4"
  dependencies:
    fbjs "^0.8.9"
    loose-envify "^1.3.1"
    object-assign "^4.1.1"

debug@^2.2.0:
  version "2.6.8"
  resolved "https://registry.yarnpkg.com/debug/-/debug-2.6.8.tgz#e731531ca2ede27d188222427da17821d68ff4fc"
  dependencies:
    ms "2.0.0"

decamelize@^1.0.0:
  version "1.2.0"
  resolved "https://registry.yarnpkg.com/decamelize/-/decamelize-1.2.0.tgz#f6534d15148269b20352e7bee26f501f9a191290"

defined@^1.0.0:
  version "1.0.0"
  resolved "https://registry.yarnpkg.com/defined/-/defined-1.0.0.tgz#c98d9bcef75674188e110969151199e39b1fa693"

defs@~1.1.0:
  version "1.1.1"
  resolved "https://registry.yarnpkg.com/defs/-/defs-1.1.1.tgz#b22609f2c7a11ba7a3db116805c139b1caffa9d2"
  dependencies:
    alter "~0.2.0"
    ast-traverse "~0.1.1"
    breakable "~1.0.0"
    esprima-fb "~15001.1001.0-dev-harmony-fb"
    simple-fmt "~0.1.0"
    simple-is "~0.2.0"
    stringmap "~0.2.2"
    stringset "~0.2.1"
    tryor "~0.1.2"
    yargs "~3.27.0"

detective@^4.3.1:
  version "4.5.0"
  resolved "https://registry.yarnpkg.com/detective/-/detective-4.5.0.tgz#6e5a8c6b26e6c7a254b1c6b6d7490d98ec91edd1"
  dependencies:
    acorn "^4.0.3"
    defined "^1.0.0"

encoding@^0.1.11:
  version "0.1.12"
  resolved "https://registry.yarnpkg.com/encoding/-/encoding-0.1.12.tgz#538b66f3ee62cd1ab51ec323829d1f9480c74beb"
  dependencies:
    iconv-lite "~0.4.13"

enquire.js@^2.1.6:
  version "2.1.6"
  resolved "https://registry.yarnpkg.com/enquire.js/-/enquire.js-2.1.6.tgz#3e8780c9b8b835084c3f60e166dbc3c2a3c89814"

esprima-fb@~15001.1001.0-dev-harmony-fb:
  version "15001.1001.0-dev-harmony-fb"
  resolved "https://registry.yarnpkg.com/esprima-fb/-/esprima-fb-15001.1001.0-dev-harmony-fb.tgz#43beb57ec26e8cf237d3dd8b33e42533577f2659"

esprima@~3.1.0:
  version "3.1.3"
  resolved "https://registry.yarnpkg.com/esprima/-/esprima-3.1.3.tgz#fdca51cee6133895e3c88d535ce49dbff62a4633"

fbjs@^0.8.9:
  version "0.8.12"
  resolved "https://registry.yarnpkg.com/fbjs/-/fbjs-0.8.12.tgz#10b5d92f76d45575fd63a217d4ea02bea2f8ed04"
  dependencies:
    core-js "^1.0.0"
    isomorphic-fetch "^2.1.1"
    loose-envify "^1.0.0"
    object-assign "^4.1.0"
    promise "^7.1.1"
    setimmediate "^1.0.5"
    ua-parser-js "^0.7.9"

get-node-dimensions@^1.2.0:
  version "1.2.2"
  resolved "https://registry.yarnpkg.com/get-node-dimensions/-/get-node-dimensions-1.2.2.tgz#7a71e8624cf9e1ab74599bb05b7e5116e995e45b"

glob@^5.0.15:
  version "5.0.15"
  resolved "https://registry.yarnpkg.com/glob/-/glob-5.0.15.tgz#1bc936b9e02f4a603fcc222ecf7633d30b8b93b1"
  dependencies:
    inflight "^1.0.4"
    inherits "2"
    minimatch "2 || 3"
    once "^1.3.0"
    path-is-absolute "^1.0.0"

graceful-fs@^4.1.2:
  version "4.1.11"
  resolved "https://registry.yarnpkg.com/graceful-fs/-/graceful-fs-4.1.11.tgz#0e8bdfe4d1ddb8854d64e04ea7c00e2a026e5658"

hashlru@2.2.0:
  version "2.2.0"
  resolved "https://registry.yarnpkg.com/hashlru/-/hashlru-2.2.0.tgz#793a58943f902aea578177d7b0335f13f2694b71"

he@^1.1.1:
  version "1.1.1"
  resolved "https://registry.yarnpkg.com/he/-/he-1.1.1.tgz#93410fd21b009735151f8868c2f271f3427e23fd"

hoist-non-react-statics@^1.0.3, hoist-non-react-statics@^1.2.0:
  version "1.2.0"
  resolved "https://registry.yarnpkg.com/hoist-non-react-statics/-/hoist-non-react-statics-1.2.0.tgz#aa448cf0986d55cc40773b17174b7dd066cb7cfb"

iconv-lite@^0.4.5, iconv-lite@~0.4.13:
  version "0.4.18"
  resolved "https://registry.yarnpkg.com/iconv-lite/-/iconv-lite-0.4.18.tgz#23d8656b16aae6742ac29732ea8f0336a4789cf2"

immutable@^3.7.6, immutable@^3.8.0:
  version "3.8.1"
  resolved "https://registry.yarnpkg.com/immutable/-/immutable-3.8.1.tgz#200807f11ab0f72710ea485542de088075f68cd2"

inflight@^1.0.4:
  version "1.0.6"
  resolved "https://registry.yarnpkg.com/inflight/-/inflight-1.0.6.tgz#49bd6331d7d02d0c09bc910a1075ba8165b56df9"
  dependencies:
    once "^1.3.0"
    wrappy "1"

inherits@2:
  version "2.0.3"
  resolved "https://registry.yarnpkg.com/inherits/-/inherits-2.0.3.tgz#633c2c83e3da42a502f52466022480f4208261de"

invariant@^2.0.0, invariant@^2.2.1:
  version "2.2.2"
  resolved "https://registry.yarnpkg.com/invariant/-/invariant-2.2.2.tgz#9e1f56ac0acdb6bf303306f338be3b204ae60360"
  dependencies:
    loose-envify "^1.0.0"

invert-kv@^1.0.0:
  version "1.0.0"
  resolved "https://registry.yarnpkg.com/invert-kv/-/invert-kv-1.0.0.tgz#104a8e4aaca6d3d8cd157a8ef8bfab2d7a3ffdb6"

is-buffer@^1.1.5:
  version "1.1.5"
  resolved "https://registry.yarnpkg.com/is-buffer/-/is-buffer-1.1.5.tgz#1f3b26ef613b214b88cbca23cc6c01d87961eecc"

is-stream@^1.0.1:
  version "1.1.0"
  resolved "https://registry.yarnpkg.com/is-stream/-/is-stream-1.1.0.tgz#12d4a3dd4e68e0b79ceb8dbc84173ae80d91ca44"

isomorphic-fetch@^2.1.1:
  version "2.2.1"
  resolved "https://registry.yarnpkg.com/isomorphic-fetch/-/isomorphic-fetch-2.2.1.tgz#611ae1acf14f5e81f729507472819fe9733558a9"
  dependencies:
    node-fetch "^1.0.1"
    whatwg-fetch ">=0.10.0"

jquery@>=1.7.2:
  version "3.2.1"
  resolved "https://registry.yarnpkg.com/jquery/-/jquery-3.2.1.tgz#5c4d9de652af6cd0a770154a631bba12b015c787"

js-tokens@^3.0.0:
  version "3.0.2"
  resolved "https://registry.yarnpkg.com/js-tokens/-/js-tokens-3.0.2.tgz#9866df395102130e38f7f996bceb65443209c25b"

json2mq@^0.2.0:
  version "0.2.0"
  resolved "https://registry.yarnpkg.com/json2mq/-/json2mq-0.2.0.tgz#b637bd3ba9eabe122c83e9720483aeb10d2c904a"
  dependencies:
    string-convert "^0.2.0"

kind-of@^3.0.2:
  version "3.2.2"
  resolved "https://registry.yarnpkg.com/kind-of/-/kind-of-3.2.2.tgz#31ea21a734bab9bbb0f32466d893aea51e4a3c64"
  dependencies:
    is-buffer "^1.1.5"

lazy-cache@^1.0.3:
  version "1.0.4"
  resolved "https://registry.yarnpkg.com/lazy-cache/-/lazy-cache-1.0.4.tgz#a1d78fc3a50474cb80845d3b3b6e1da49a446e8e"

lcid@^1.0.0:
  version "1.0.0"
  resolved "https://registry.yarnpkg.com/lcid/-/lcid-1.0.0.tgz#308accafa0bc483a3867b4b6f2b9506251d1b835"
  dependencies:
    invert-kv "^1.0.0"

lodash-es@^4.2.0, lodash-es@^4.2.1:
  version "4.17.4"
  resolved "https://registry.yarnpkg.com/lodash-es/-/lodash-es-4.17.4.tgz#dcc1d7552e150a0640073ba9cb31d70f032950e7"

lodash.assign@^4.2.0:
  version "4.2.0"
  resolved "https://registry.yarnpkg.com/lodash.assign/-/lodash.assign-4.2.0.tgz#0d99f3ccd7a6d261d19bdaeb9245005d285808e7"

lodash.compose@^2.4.1:
  version "2.4.1"
  resolved "https://registry.yarnpkg.com/lodash.compose/-/lodash.compose-2.4.1.tgz#a23f416fd91cee82c67879f63a070d3cbac31525"
  dependencies:
    lodash.isfunction "~2.4.1"

lodash.debounce@^4.0.8:
  version "4.0.8"
  resolved "https://registry.yarnpkg.com/lodash.debounce/-/lodash.debounce-4.0.8.tgz#82d79bff30a67c4005ffd5e2515300ad9ca4d7af"

lodash.defer@^4.1.0:
  version "4.1.0"
  resolved "https://registry.yarnpkg.com/lodash.defer/-/lodash.defer-4.1.0.tgz#e9c158a961de1a46ea24fda34685b4ccdd358f3f"

lodash.isarray@^4.0.0:
  version "4.0.0"
  resolved "https://registry.yarnpkg.com/lodash.isarray/-/lodash.isarray-4.0.0.tgz#2aca496b28c4ca6d726715313590c02e6ea34403"

lodash.isequal@^4.5.0:
  version "4.5.0"
  resolved "https://registry.yarnpkg.com/lodash.isequal/-/lodash.isequal-4.5.0.tgz#415c4478f2bcc30120c22ce10ed3226f7d3e18e0"

lodash.isfunction@^3.0.8:
  version "3.0.8"
  resolved "https://registry.yarnpkg.com/lodash.isfunction/-/lodash.isfunction-3.0.8.tgz#4db709fc81bc4a8fd7127a458a5346c5cdce2c6b"

lodash.isfunction@~2.4.1:
  version "2.4.1"
  resolved "https://registry.yarnpkg.com/lodash.isfunction/-/lodash.isfunction-2.4.1.tgz#2cfd575c73e498ab57e319b77fa02adef13a94d1"

lodash.isobject@^3.0.2:
  version "3.0.2"
  resolved "https://registry.yarnpkg.com/lodash.isobject/-/lodash.isobject-3.0.2.tgz#3c8fb8d5b5bf4bf90ae06e14f2a530a4ed935e1d"

lodash.isstring@^4.0.1:
  version "4.0.1"
  resolved "https://registry.yarnpkg.com/lodash.isstring/-/lodash.isstring-4.0.1.tgz#d527dfb5456eca7cc9bb95d5daeaf88ba54a5451"

lodash.memoize@^4.1.2:
  version "4.1.2"
  resolved "https://registry.yarnpkg.com/lodash.memoize/-/lodash.memoize-4.1.2.tgz#bcc6c49a42a2840ed997f323eada5ecd182e0bfe"

lodash.merge@^4.6.0:
  version "4.6.0"
  resolved "https://registry.yarnpkg.com/lodash.merge/-/lodash.merge-4.6.0.tgz#69884ba144ac33fe699737a6086deffadd0f89c5"

lodash.omit@^4.5.0:
  version "4.5.0"
  resolved "https://registry.yarnpkg.com/lodash.omit/-/lodash.omit-4.5.0.tgz#6eb19ae5a1ee1dd9df0b969e66ce0b7fa30b5e60"

lodash.throttle@^4.1.1:
  version "4.1.1"
  resolved "https://registry.yarnpkg.com/lodash.throttle/-/lodash.throttle-4.1.1.tgz#c23e91b710242ac70c37f1e1cda9274cc39bf2f4"

lodash.unescape@4.0.1:
  version "4.0.1"
  resolved "https://registry.yarnpkg.com/lodash.unescape/-/lodash.unescape-4.0.1.tgz#bf2249886ce514cda112fae9218cdc065211fc9c"

lodash.upperfirst@^4.3.0:
  version "4.3.1"
  resolved "https://registry.yarnpkg.com/lodash.upperfirst/-/lodash.upperfirst-4.3.1.tgz#1365edf431480481ef0d1c68957a5ed99d49f7ce"

lodash@^4.13.1, lodash@^4.2.0, lodash@^4.2.1:
  version "4.17.4"
  resolved "https://registry.yarnpkg.com/lodash/-/lodash-4.17.4.tgz#78203a4d1c328ae1d86dca6460e369b57f4055ae"

longest@^1.0.1:
  version "1.0.1"
  resolved "https://registry.yarnpkg.com/longest/-/longest-1.0.1.tgz#30a0b2da38f73770e8294a0d22e6625ed77d0097"

loose-envify@^1.0.0, loose-envify@^1.1.0, loose-envify@^1.3.1:
  version "1.3.1"
  resolved "https://registry.yarnpkg.com/loose-envify/-/loose-envify-1.3.1.tgz#d1a8ad33fa9ce0e713d65fdd0ac8b748d478c848"
  dependencies:
    js-tokens "^3.0.0"

mime-db@~1.27.0:
  version "1.27.0"
  resolved "https://registry.yarnpkg.com/mime-db/-/mime-db-1.27.0.tgz#820f572296bbd20ec25ed55e5b5de869e5436eb1"

mime-types@^2.1.10:
  version "2.1.15"
  resolved "https://registry.yarnpkg.com/mime-types/-/mime-types-2.1.15.tgz#a4ebf5064094569237b8cf70046776d09fc92aed"
  dependencies:
    mime-db "~1.27.0"

"minimatch@2 || 3":
  version "3.0.4"
  resolved "https://registry.yarnpkg.com/minimatch/-/minimatch-3.0.4.tgz#5166e286457f03306064be5497e8dbb0c3d32083"
  dependencies:
    brace-expansion "^1.1.7"

minimist@0.0.8:
  version "0.0.8"
  resolved "https://registry.yarnpkg.com/minimist/-/minimist-0.0.8.tgz#857fcabfc3397d2625b8228262e86aa7a011b05d"

mkdirp@^0.5.0:
  version "0.5.1"
  resolved "https://registry.yarnpkg.com/mkdirp/-/mkdirp-0.5.1.tgz#30057438eac6cf7f8c4767f38648d6697d75c903"
  dependencies:
    minimist "0.0.8"

moment@^2.14.1:
  version "2.18.1"
  resolved "https://registry.yarnpkg.com/moment/-/moment-2.18.1.tgz#c36193dd3ce1c2eed2adb7c802dbbc77a81b1c0f"

monet@^0.8.10:
  version "0.8.10"
  resolved "https://registry.yarnpkg.com/monet/-/monet-0.8.10.tgz#af82af50591466f78baf97c053e2ffe5e9108224"

ms@2.0.0:
  version "2.0.0"
  resolved "https://registry.yarnpkg.com/ms/-/ms-2.0.0.tgz#5608aeadfc00be6c2901df5f9861788de0d597c8"

node-fetch@^1.0.1:
  version "1.7.1"
  resolved "https://registry.yarnpkg.com/node-fetch/-/node-fetch-1.7.1.tgz#899cb3d0a3c92f952c47f1b876f4c8aeabd400d5"
  dependencies:
    encoding "^0.1.11"
    is-stream "^1.0.1"

normalize.css@^5.0.0:
  version "5.0.0"
  resolved "https://registry.yarnpkg.com/normalize.css/-/normalize.css-5.0.0.tgz#7cec875ce8178a5333c4de80b68ea9c18b9d7c37"

object-assign@^3.0.0:
  version "3.0.0"
  resolved "https://registry.yarnpkg.com/object-assign/-/object-assign-3.0.0.tgz#9bedd5ca0897949bca47e7ff408062d549f587f2"

object-assign@^4.1.0, object-assign@^4.1.1:
  version "4.1.1"
  resolved "https://registry.yarnpkg.com/object-assign/-/object-assign-4.1.1.tgz#2109adc7965887cfc05cbbd442cac8bfbb360863"

once@^1.3.0:
  version "1.4.0"
  resolved "https://registry.yarnpkg.com/once/-/once-1.4.0.tgz#583b1aa775961d4b113ac17d9c50baef9dd76bd1"
  dependencies:
    wrappy "1"

os-locale@^1.4.0:
  version "1.4.0"
  resolved "https://registry.yarnpkg.com/os-locale/-/os-locale-1.4.0.tgz#20f9f17ae29ed345e8bde583b13d2009803c14d9"
  dependencies:
    lcid "^1.0.0"

path-is-absolute@^1.0.0:
  version "1.0.1"
  resolved "https://registry.yarnpkg.com/path-is-absolute/-/path-is-absolute-1.0.1.tgz#174b9268735534ffbc7ace6bf53a5a9e1b5c5f5f"

performance-now@^0.2.0:
  version "0.2.0"
  resolved "https://registry.yarnpkg.com/performance-now/-/performance-now-0.2.0.tgz#33ef30c5c77d4ea21c5a53869d91b56d8f2555e5"

performance-now@^2.1.0:
  version "2.1.0"
  resolved "https://registry.yarnpkg.com/performance-now/-/performance-now-2.1.0.tgz#6309f4e0e5fa913ec1c69307ae364b4b377c9e7b"

plow-js@^2.1.0:
  version "2.1.0"
  resolved "https://registry.yarnpkg.com/plow-js/-/plow-js-2.1.0.tgz#11d696ad40b6ff7cca6fd8f3c071f46b42b9cf9d"
  optionalDependencies:
    immutable "^3.7.6"

private@^0.1.6, private@~0.1.5:
  version "0.1.7"
  resolved "https://registry.yarnpkg.com/private/-/private-0.1.7.tgz#68ce5e8a1ef0a23bb570cc28537b5332aba63ef1"

promise@^7.1.1:
  version "7.3.1"
  resolved "https://registry.yarnpkg.com/promise/-/promise-7.3.1.tgz#064b72602b18f90f29192b8b1bc418ffd1ebd3bf"
  dependencies:
    asap "~2.0.3"

prop-types@15.5.8:
  version "15.5.8"
  resolved "https://registry.yarnpkg.com/prop-types/-/prop-types-15.5.8.tgz#6b7b2e141083be38c8595aa51fc55775c7199394"
  dependencies:
    fbjs "^0.8.9"

prop-types@^15.5.10, prop-types@^15.5.4, prop-types@^15.5.7, prop-types@^15.5.8:
  version "15.5.10"
  resolved "https://registry.yarnpkg.com/prop-types/-/prop-types-15.5.10.tgz#2797dfc3126182e3a95e3dfbb2e893ddd7456154"
  dependencies:
    fbjs "^0.8.9"
    loose-envify "^1.3.1"

q@^1.1.2:
  version "1.5.0"
  resolved "https://registry.yarnpkg.com/q/-/q-1.5.0.tgz#dd01bac9d06d30e6f219aecb8253ee9ebdc308f1"

raf@^3.1.0:
  version "3.3.2"
  resolved "https://registry.yarnpkg.com/raf/-/raf-3.3.2.tgz#0c13be0b5b49b46f76d6669248d527cf2b02fe27"
  dependencies:
    performance-now "^2.1.0"

ramda@^0.22.1:
  version "0.22.1"
  resolved "https://registry.yarnpkg.com/ramda/-/ramda-0.22.1.tgz#031da0c3df417c5b33c96234757eb37033f36a0e"

react-click-outside@^2.3.1:
  version "2.3.1"
  resolved "https://registry.yarnpkg.com/react-click-outside/-/react-click-outside-2.3.1.tgz#318737ebdf081a4a3bcd46825663674cbe9836eb"
  dependencies:
    hoist-non-react-statics "^1.2.0"

react-codemirror@^1.0.0:
  version "1.0.0"
  resolved "https://registry.yarnpkg.com/react-codemirror/-/react-codemirror-1.0.0.tgz#91467b53b1f5d80d916a2fd0b4c7adb85a9001ba"
  dependencies:
    classnames "^2.2.5"
    codemirror "^5.18.2"
    create-react-class "^15.5.1"
    lodash.debounce "^4.0.8"
    lodash.isequal "^4.5.0"
    prop-types "^15.5.4"

react-collapse@^2.4.1:
  version "2.4.1"
  resolved "https://registry.yarnpkg.com/react-collapse/-/react-collapse-2.4.1.tgz#999a9969b2633752acba4847c28101edd2dcab89"
  dependencies:
    prop-types "15.5.8"

react-css-themr@^2.1.0:
  version "2.1.2"
  resolved "https://registry.yarnpkg.com/react-css-themr/-/react-css-themr-2.1.2.tgz#e017514e471c232f43a754a55b49d81faf5dafb8"
  dependencies:
    hoist-non-react-statics "^1.2.0"
    invariant "^2.2.1"

react-datetime@^2.8.10:
  version "2.8.10"
  resolved "https://registry.yarnpkg.com/react-datetime/-/react-datetime-2.8.10.tgz#06d4317b7734310e0e8109555526656128346132"
  dependencies:
    create-react-class "^15.5.2"
    object-assign "^3.0.0"
    prop-types "^15.5.7"
    react-onclickoutside "^5.9.0"

react-dom@^15.5.0:
  version "15.6.1"
  resolved "https://registry.yarnpkg.com/react-dom/-/react-dom-15.6.1.tgz#2cb0ed4191038e53c209eb3a79a23e2a4cf99470"
  dependencies:
    fbjs "^0.8.9"
    loose-envify "^1.1.0"
    object-assign "^4.1.0"
    prop-types "^15.5.10"

react-dropzone@^3.13.2:
  version "3.13.3"
  resolved "https://registry.yarnpkg.com/react-dropzone/-/react-dropzone-3.13.3.tgz#b8bde4b5a12842f85196b45e8cc2959834b81962"
  dependencies:
    attr-accept "^1.0.3"
    prop-types "^15.5.7"

react-height@^3.0.0:
  version "3.0.0"
  resolved "https://registry.yarnpkg.com/react-height/-/react-height-3.0.0.tgz#fae322f9da64d3e9e25536f26b77c73954261524"
  dependencies:
    prop-types "15.5.8"

react-image-crop@^2.0.5:
  version "2.0.5"
  resolved "https://registry.yarnpkg.com/react-image-crop/-/react-image-crop-2.0.5.tgz#7be10b35ea04a99b9b06d27c17f9037ec81a597f"

react-immutable-proptypes@^2.1.0:
  version "2.1.0"
  resolved "https://registry.yarnpkg.com/react-immutable-proptypes/-/react-immutable-proptypes-2.1.0.tgz#023d6f39bb15c97c071e9e60d00d136eac5fa0b4"

react-measure@^1.4.7:
  version "1.4.7"
  resolved "https://registry.yarnpkg.com/react-measure/-/react-measure-1.4.7.tgz#a1d2ca0dcfef04978b7ac263a765dcb6a0936fdb"
  dependencies:
    get-node-dimensions "^1.2.0"
    prop-types "^15.5.4"
    resize-observer-polyfill "^1.4.1"

react-motion@^0.5.0:
  version "0.5.0"
  resolved "https://registry.yarnpkg.com/react-motion/-/react-motion-0.5.0.tgz#1708fc2aee552900d21c1e6bed28346863e017b6"
  dependencies:
    performance-now "^0.2.0"
    prop-types "^15.5.8"
    raf "^3.1.0"

react-onclickoutside@^5.9.0:
  version "5.11.1"
  resolved "https://registry.yarnpkg.com/react-onclickoutside/-/react-onclickoutside-5.11.1.tgz#00314e52567cf55faba94cabbacd119619070623"
  dependencies:
    create-react-class "^15.5.x"

react-portal@^3.1.0:
  version "3.1.0"
  resolved "https://registry.yarnpkg.com/react-portal/-/react-portal-3.1.0.tgz#865c44fb72a1da106c649206936559ce891ee899"
  dependencies:
    prop-types "^15.5.8"

react-redux@^5.0.5:
  version "5.0.5"
  resolved "https://registry.yarnpkg.com/react-redux/-/react-redux-5.0.5.tgz#f8e8c7b239422576e52d6b7db06439469be9846a"
  dependencies:
    create-react-class "^15.5.3"
    hoist-non-react-statics "^1.0.3"
    invariant "^2.0.0"
    lodash "^4.2.0"
    lodash-es "^4.2.0"
    loose-envify "^1.1.0"
    prop-types "^15.5.10"

react-slick@^0.14.11:
  version "0.14.11"
  resolved "https://registry.yarnpkg.com/react-slick/-/react-slick-0.14.11.tgz#c2cbdbe3728c66a2ff4929be96d457e3ea0d80f3"
  dependencies:
    can-use-dom "^0.1.0"
    classnames "^2.2.5"
    create-react-class "^15.5.2"
    enquire.js "^2.1.6"
    json2mq "^0.2.0"
    object-assign "^4.1.0"
    slick-carousel "^1.6.0"

react-textarea-autosize@^5.0.6:
  version "5.0.7"
  resolved "https://registry.yarnpkg.com/react-textarea-autosize/-/react-textarea-autosize-5.0.7.tgz#cad511cf1111ab1482fbc8bd679d5d41e8e52b1f"
  dependencies:
    prop-types "^15.5.8"

react@^15.5.0:
  version "15.6.1"
  resolved "https://registry.yarnpkg.com/react/-/react-15.6.1.tgz#baa8434ec6780bde997cdc380b79cd33b96393df"
  dependencies:
    create-react-class "^15.6.0"
    fbjs "^0.8.9"
    loose-envify "^1.1.0"
    object-assign "^4.1.0"
    prop-types "^15.5.10"

recast@0.10.33:
  version "0.10.33"
  resolved "https://registry.yarnpkg.com/recast/-/recast-0.10.33.tgz#942808f7aa016f1fa7142c461d7e5704aaa8d697"
  dependencies:
    ast-types "0.8.12"
    esprima-fb "~15001.1001.0-dev-harmony-fb"
    private "~0.1.5"
    source-map "~0.5.0"

recast@^0.11.17:
  version "0.11.23"
  resolved "https://registry.yarnpkg.com/recast/-/recast-0.11.23.tgz#451fd3004ab1e4df9b4e4b66376b2a21912462d3"
  dependencies:
    ast-types "0.9.6"
    esprima "~3.1.0"
    private "~0.1.5"
    source-map "~0.5.0"

reduce-reducers@^0.1.0:
  version "0.1.2"
  resolved "https://registry.yarnpkg.com/reduce-reducers/-/reduce-reducers-0.1.2.tgz#fa1b4718bc5292a71ddd1e5d839c9bea9770f14b"

redux-actions@^0.12.0:
  version "0.12.0"
  resolved "https://registry.yarnpkg.com/redux-actions/-/redux-actions-0.12.0.tgz#8a4f0114f1bde2e6b61d5b7205d4818004c67461"
  dependencies:
    lodash "^4.13.1"
    reduce-reducers "^0.1.0"

redux-saga@^0.12.0:
  version "0.12.1"
  resolved "https://registry.yarnpkg.com/redux-saga/-/redux-saga-0.12.1.tgz#79c9263d67486fd26a7a3d3b9df8ed65057a9fc6"

redux@^3.4.0:
  version "3.7.1"
  resolved "https://registry.yarnpkg.com/redux/-/redux-3.7.1.tgz#bfc535c757d3849562ead0af18ac52122cd7268e"
  dependencies:
    lodash "^4.2.1"
    lodash-es "^4.2.1"
    loose-envify "^1.1.0"
    symbol-observable "^1.0.3"

regenerator-runtime@~0.9.5:
  version "0.9.6"
  resolved "https://registry.yarnpkg.com/regenerator-runtime/-/regenerator-runtime-0.9.6.tgz#d33eb95d0d2001a4be39659707c51b0cb71ce029"

regenerator@^0.8.46:
  version "0.8.46"
  resolved "https://registry.yarnpkg.com/regenerator/-/regenerator-0.8.46.tgz#154c327686361ed52cad69b2545efc53a3d07696"
  dependencies:
    commoner "~0.10.3"
    defs "~1.1.0"
    esprima-fb "~15001.1001.0-dev-harmony-fb"
    private "~0.1.5"
    recast "0.10.33"
    regenerator-runtime "~0.9.5"
    through "~2.3.8"

repeat-string@^1.5.2:
  version "1.6.1"
  resolved "https://registry.yarnpkg.com/repeat-string/-/repeat-string-1.6.1.tgz#8dcae470e1c88abc2d600fff4a776286da75e637"

reselect@^2.4.0:
  version "2.5.4"
  resolved "https://registry.yarnpkg.com/reselect/-/reselect-2.5.4.tgz#b7d23fdf00b83fa7ad0279546f8dbbbd765c7047"

resize-observer-polyfill@^1.4.1:
  version "1.4.2"
  resolved "https://registry.yarnpkg.com/resize-observer-polyfill/-/resize-observer-polyfill-1.4.2.tgz#a37198e6209e888acb1532a9968e06d38b6788e5"

right-align@^0.1.1:
  version "0.1.3"
  resolved "https://registry.yarnpkg.com/right-align/-/right-align-0.1.3.tgz#61339b722fe6a3515689210d24e14c96148613ef"
  dependencies:
    align-text "^0.1.1"

setimmediate@^1.0.5:
  version "1.0.5"
  resolved "https://registry.yarnpkg.com/setimmediate/-/setimmediate-1.0.5.tgz#290cbb232e306942d7d7ea9b83732ab7856f8285"

simple-fmt@~0.1.0:
  version "0.1.0"
  resolved "https://registry.yarnpkg.com/simple-fmt/-/simple-fmt-0.1.0.tgz#191bf566a59e6530482cb25ab53b4a8dc85c3a6b"

simple-is@~0.2.0:
  version "0.2.0"
  resolved "https://registry.yarnpkg.com/simple-is/-/simple-is-0.2.0.tgz#2abb75aade39deb5cc815ce10e6191164850baf0"

slick-carousel@^1.6.0:
  version "1.6.0"
  resolved "https://registry.yarnpkg.com/slick-carousel/-/slick-carousel-1.6.0.tgz#780f378e470f4e6f6bec1aa2bae0475f4f9eb085"
  dependencies:
    jquery ">=1.7.2"

source-map@~0.5.0:
  version "0.5.6"
  resolved "https://registry.yarnpkg.com/source-map/-/source-map-0.5.6.tgz#75ce38f52bf0733c5a7f0c118d81334a2bb5f412"

stable@~0.1.3:
  version "0.1.6"
  resolved "https://registry.yarnpkg.com/stable/-/stable-0.1.6.tgz#910f5d2aed7b520c6e777499c1f32e139fdecb10"

string-convert@^0.2.0:
  version "0.2.1"
  resolved "https://registry.yarnpkg.com/string-convert/-/string-convert-0.2.1.tgz#6982cc3049fbb4cd85f8b24568b9d9bf39eeff97"

stringmap@~0.2.2:
  version "0.2.2"
  resolved "https://registry.yarnpkg.com/stringmap/-/stringmap-0.2.2.tgz#556c137b258f942b8776f5b2ef582aa069d7d1b1"

stringset@~0.2.1:
  version "0.2.1"
  resolved "https://registry.yarnpkg.com/stringset/-/stringset-0.2.1.tgz#ef259c4e349344377fcd1c913dd2e848c9c042b5"

symbol-observable@^1.0.3:
  version "1.0.4"
  resolved "https://registry.yarnpkg.com/symbol-observable/-/symbol-observable-1.0.4.tgz#29bf615d4aa7121bdd898b22d4b3f9bc4e2aa03d"

through@~2.3.8:
  version "2.3.8"
  resolved "https://registry.yarnpkg.com/through/-/through-2.3.8.tgz#0dd4c9ffaabc357960b1b724115d7e0e86a2e1f5"

tryor@~0.1.2:
  version "0.1.2"
  resolved "https://registry.yarnpkg.com/tryor/-/tryor-0.1.2.tgz#8145e4ca7caff40acde3ccf946e8b8bb75b4172b"

ua-parser-js@^0.7.9:
  version "0.7.13"
  resolved "https://registry.yarnpkg.com/ua-parser-js/-/ua-parser-js-0.7.13.tgz#cd9dd2f86493b3f44dbeeef3780fda74c5ee14be"

uuid@^2.0.2:
  version "2.0.3"
  resolved "https://registry.yarnpkg.com/uuid/-/uuid-2.0.3.tgz#67e2e863797215530dff318e5bf9dcebfd47b21a"

whatwg-fetch@>=0.10.0:
  version "2.0.3"
  resolved "https://registry.yarnpkg.com/whatwg-fetch/-/whatwg-fetch-2.0.3.tgz#9c84ec2dcf68187ff00bc64e1274b442176e1c84"

whatwg-fetch@^1.0.0:
  version "1.1.1"
  resolved "https://registry.yarnpkg.com/whatwg-fetch/-/whatwg-fetch-1.1.1.tgz#ac3c9d39f320c6dce5339969d054ef43dd333319"

window-size@^0.1.2:
  version "0.1.4"
  resolved "https://registry.yarnpkg.com/window-size/-/window-size-0.1.4.tgz#f8e1aa1ee5a53ec5bf151ffa09742a6ad7697876"

wordwrap@0.0.2:
  version "0.0.2"
  resolved "https://registry.yarnpkg.com/wordwrap/-/wordwrap-0.0.2.tgz#b79669bb42ecb409f83d583cad52ca17eaa1643f"

wrappy@1:
  version "1.0.2"
  resolved "https://registry.yarnpkg.com/wrappy/-/wrappy-1.0.2.tgz#b5243d8f3ec1aa35f1364605bc0d1036e30ab69f"

y18n@^3.2.0:
  version "3.2.1"
  resolved "https://registry.yarnpkg.com/y18n/-/y18n-3.2.1.tgz#6d15fba884c08679c0d77e88e7759e811e07fa41"

yargs@~3.27.0:
  version "3.27.0"
  resolved "https://registry.yarnpkg.com/yargs/-/yargs-3.27.0.tgz#21205469316e939131d59f2da0c6d7f98221ea40"
  dependencies:
    camelcase "^1.2.1"
    cliui "^2.1.0"
    decamelize "^1.0.0"
    os-locale "^1.4.0"
    window-size "^0.1.2"
    y18n "^3.2.0"
