# THIS IS AN AUTOGENERATED FILE. DO NOT EDIT THIS FILE DIRECTLY.
# yarn lockfile v1


"@neos-project/brand@^1.1.0":
  version "1.1.0"
  resolved "https://registry.yarnpkg.com/@neos-project/brand/-/brand-1.1.0.tgz#13159ee7b330b1d7f969f70a5dea7fec03b7fb8a"
  dependencies:
    lodash.upperfirst "^4.3.0"

lodash.upperfirst@^4.3.0:
  version "4.3.1"
  resolved "https://registry.yarnpkg.com/lodash.upperfirst/-/lodash.upperfirst-4.3.1.tgz#1365edf431480481ef0d1c68957a5ed99d49f7ce"
