# THIS IS AN AUTOGENERATED FILE. DO NOT EDIT THIS FILE DIRECTLY.
# yarn lockfile v1


amator@^1.0.1:
  version "1.0.1"
  resolved "https://registry.yarnpkg.com/amator/-/amator-1.0.1.tgz#0fd3663fef5f3334d088cf68a70ba74398aa0e26"
  dependencies:
    bezier-easing "^2.0.3"

bezier-easing@^2.0.3:
  version "2.0.3"
  resolved "https://registry.yarnpkg.com/bezier-easing/-/bezier-easing-2.0.3.tgz#cb493fddb7f8920ecca00973344ce0518885f17e"

redux-saga@^0.12.0:
  version "0.12.1"
  resolved "https://registry.yarnpkg.com/redux-saga/-/redux-saga-0.12.1.tgz#79c9263d67486fd26a7a3d3b9df8ed65057a9fc6"
