# THIS IS AN AUTOGENERATED FILE. DO NOT EDIT THIS FILE DIRECTLY.
# yarn lockfile v1


immutable@^3.7.6:
  version "3.8.1"
  resolved "https://registry.yarnpkg.com/immutable/-/immutable-3.8.1.tgz#200807f11ab0f72710ea485542de088075f68cd2"

plow-js@^2.1.0:
  version "2.1.0"
  resolved "https://registry.yarnpkg.com/plow-js/-/plow-js-2.1.0.tgz#11d696ad40b6ff7cca6fd8f3c071f46b42b9cf9d"
  optionalDependencies:
    immutable "^3.7.6"

ramda@^0.22.1:
  version "0.22.1"
  resolved "https://registry.yarnpkg.com/ramda/-/ramda-0.22.1.tgz#031da0c3df417c5b33c96234757eb37033f36a0e"
